
Microsoft Visual Studio Solution File, Format Version 12.00
# Visual Studio 15
VisualStudioVersion = 15.0.28307.271
MinimumVisualStudioVersion = 10.0.40219.1
Project("{FAE04EC0-301F-11D3-BF4B-00C04F79EFBC}") = "MiddleEarth", "MiddleEarth\MiddleEarth.csproj", "{F0CE44DE-1F0B-4A57-867E-6382F3395221}"
EndProject
Project("{FAE04EC0-301F-11D3-BF4B-00C04F79EFBC}") = "MiddleEarth.Data", "MiddleEarth.Data\MiddleEarth.Data.csproj", "{63093229-C3D0-43E0-8287-AF448D600AC9}"
EndProject
Global
	GlobalSection(SolutionConfigurationPlatforms) = preSolution
		Debug|Any CPU = Debug|Any CPU
		Release|Any CPU = Release|Any CPU
	EndGlobalSection
	GlobalSection(ProjectConfigurationPlatforms) = postSolution
		{F0CE44DE-1F0B-4A57-867E-6382F3395221}.Debug|Any CPU.ActiveCfg = Debug|Any CPU
		{F0CE44DE-1F0B-4A57-867E-6382F3395221}.Debug|Any CPU.Build.0 = Debug|Any CPU
		{F0CE44DE-1F0B-4A57-867E-6382F3395221}.Release|Any CPU.ActiveCfg = Release|Any CPU
		{F0CE44DE-1F0B-4A57-867E-6382F3395221}.Release|Any CPU.Build.0 = Release|Any CPU
		{63093229-C3D0-43E0-8287-AF448D600AC9}.Debug|Any CPU.ActiveCfg = Debug|Any CPU
		{63093229-C3D0-43E0-8287-AF448D600AC9}.Debug|Any CPU.Build.0 = Debug|Any CPU
		{63093229-C3D0-43E0-8287-AF448D600AC9}.Release|Any CPU.ActiveCfg = Release|Any CPU
		{63093229-C3D0-43E0-8287-AF448D600AC9}.Release|Any CPU.Build.0 = Release|Any CPU
	EndGlobalSection
	GlobalSection(SolutionProperties) = preSolution
		HideSolutionNode = FALSE
	EndGlobalSection
	GlobalSection(ExtensibilityGlobals) = postSolution
		SolutionGuid = {5158B852-A682-4365-94FD-F158B118E5BF}
	EndGlobalSection
EndGlobal
